
Microsoft Visual Studio Solution File, Format Version 12.00
# Visual Studio 15
Project("{FAE04EC0-301F-11D3-BF4B-00C04F79EFBC}") = "NavMeshPlusEditor", "NavMeshPlusEditor.csproj", "{8C6B1A95-4EAF-B873-3CC5-2F05F458FA87}"
EndProject
Project("{FAE04EC0-301F-11D3-BF4B-00C04F79EFBC}") = "NavMeshPlus", "NavMeshPlus.csproj", "{BA1F228D-36DB-036E-8AFF-2C4F4B6788D0}"
EndProject
Project("{FAE04EC0-301F-11D3-BF4B-00C04F79EFBC}") = "Assembly-CSharp", "Assembly-CSharp.csproj", "{670BE941-C309-7F91-4B6D-481385D810DC}"
EndProject
Global
	GlobalSection(SolutionConfigurationPlatforms) = preSolution
		Debug|Any CPU = Debug|Any CPU
		Release|Any CPU = Release|Any CPU
	EndGlobalSection
	GlobalSection(ProjectConfigurationPlatforms) = postSolution
		{8C6B1A95-4EAF-B873-3CC5-2F05F458FA87}.Debug|Any CPU.ActiveCfg = Debug|Any CPU
		{8C6B1A95-4EAF-B873-3CC5-2F05F458FA87}.Debug|Any CPU.Build.0 = Debug|Any CPU
		{8C6B1A95-4EAF-B873-3CC5-2F05F458FA87}.Release|Any CPU.ActiveCfg = Release|Any CPU
		{8C6B1A95-4EAF-B873-3CC5-2F05F458FA87}.Release|Any CPU.Build.0 = Release|Any CPU
		{BA1F228D-36DB-036E-8AFF-2C4F4B6788D0}.Debug|Any CPU.ActiveCfg = Debug|Any CPU
		{BA1F228D-36DB-036E-8AFF-2C4F4B6788D0}.Debug|Any CPU.Build.0 = Debug|Any CPU
		{BA1F228D-36DB-036E-8AFF-2C4F4B6788D0}.Release|Any CPU.ActiveCfg = Release|Any CPU
		{BA1F228D-36DB-036E-8AFF-2C4F4B6788D0}.Release|Any CPU.Build.0 = Release|Any CPU
		{670BE941-C309-7F91-4B6D-481385D810DC}.Debug|Any CPU.ActiveCfg = Debug|Any CPU
		{670BE941-C309-7F91-4B6D-481385D810DC}.Debug|Any CPU.Build.0 = Debug|Any CPU
		{670BE941-C309-7F91-4B6D-481385D810DC}.Release|Any CPU.ActiveCfg = Release|Any CPU
		{670BE941-C309-7F91-4B6D-481385D810DC}.Release|Any CPU.Build.0 = Release|Any CPU
	EndGlobalSection
	GlobalSection(SolutionProperties) = preSolution
		HideSolutionNode = FALSE
	EndGlobalSection
EndGlobal
